
Microsoft Visual Studio Solution File, Format Version 12.00
# Visual Studio Version 17
VisualStudioVersion = 17.3.32819.101
MinimumVisualStudioVersion = 10.0.40219.1
Project("{2150E333-8FDC-42A3-9474-1A3956D46DE8}") = "Services", "Services", "{6DA35D24-E866-4777-BBCA-251000E6679F}"
EndProject
Project("{2150E333-8FDC-42A3-9474-1A3956D46DE8}") = "Catalog", "Catalog", "{DFBEB81D-0C16-4564-8680-DD3E6C7C8889}"
EndProject
Project("{9A19103F-16F7-4668-BE54-9A1E7A4F7556}") = "Catalog.API", "Services\Catalog\Catalog.API\Catalog.API.csproj", "{A0A639C7-2368-481D-AF14-9A96DFF3C324}"
EndProject
Project("{E53339B2-1760-4266-BCC7-CA923CBCF16C}") = "docker-compose", "docker-compose.dcproj", "{3C5F27DB-98F7-4C8D-A327-1E9854D43528}"
EndProject
Project("{2150E333-8FDC-42A3-9474-1A3956D46DE8}") = "Basket", "Basket", "{1A4EDFF3-4950-458A-864E-3025174C03B3}"
EndProject
Project("{9A19103F-16F7-4668-BE54-9A1E7A4F7556}") = "Basket.API", "Services\Basket\Basket.API\Basket.API.csproj", "{A5EE1221-7AA2-4CAB-A9B8-CA058FDF07A9}"
EndProject
Global
	GlobalSection(SolutionConfigurationPlatforms) = preSolution
		Debug|Any CPU = Debug|Any CPU
		Release|Any CPU = Release|Any CPU
	EndGlobalSection
	GlobalSection(ProjectConfigurationPlatforms) = postSolution
		{A0A639C7-2368-481D-AF14-9A96DFF3C324}.Debug|Any CPU.ActiveCfg = Debug|Any CPU
		{A0A639C7-2368-481D-AF14-9A96DFF3C324}.Debug|Any CPU.Build.0 = Debug|Any CPU
		{A0A639C7-2368-481D-AF14-9A96DFF3C324}.Release|Any CPU.ActiveCfg = Release|Any CPU
		{A0A639C7-2368-481D-AF14-9A96DFF3C324}.Release|Any CPU.Build.0 = Release|Any CPU
		{3C5F27DB-98F7-4C8D-A327-1E9854D43528}.Debug|Any CPU.ActiveCfg = Debug|Any CPU
		{3C5F27DB-98F7-4C8D-A327-1E9854D43528}.Debug|Any CPU.Build.0 = Debug|Any CPU
		{3C5F27DB-98F7-4C8D-A327-1E9854D43528}.Release|Any CPU.ActiveCfg = Release|Any CPU
		{3C5F27DB-98F7-4C8D-A327-1E9854D43528}.Release|Any CPU.Build.0 = Release|Any CPU
		{A5EE1221-7AA2-4CAB-A9B8-CA058FDF07A9}.Debug|Any CPU.ActiveCfg = Debug|Any CPU
		{A5EE1221-7AA2-4CAB-A9B8-CA058FDF07A9}.Debug|Any CPU.Build.0 = Debug|Any CPU
		{A5EE1221-7AA2-4CAB-A9B8-CA058FDF07A9}.Release|Any CPU.ActiveCfg = Release|Any CPU
		{A5EE1221-7AA2-4CAB-A9B8-CA058FDF07A9}.Release|Any CPU.Build.0 = Release|Any CPU
	EndGlobalSection
	GlobalSection(SolutionProperties) = preSolution
		HideSolutionNode = FALSE
	EndGlobalSection
	GlobalSection(NestedProjects) = preSolution
		{DFBEB81D-0C16-4564-8680-DD3E6C7C8889} = {6DA35D24-E866-4777-BBCA-251000E6679F}
		{A0A639C7-2368-481D-AF14-9A96DFF3C324} = {DFBEB81D-0C16-4564-8680-DD3E6C7C8889}
		{1A4EDFF3-4950-458A-864E-3025174C03B3} = {6DA35D24-E866-4777-BBCA-251000E6679F}
		{A5EE1221-7AA2-4CAB-A9B8-CA058FDF07A9} = {1A4EDFF3-4950-458A-864E-3025174C03B3}
	EndGlobalSection
	GlobalSection(ExtensibilityGlobals) = postSolution
		SolutionGuid = {419B36DA-AFA0-470E-8E62-E544BDCD6215}
	EndGlobalSection
EndGlobal
